// !$*UTF8*$!
{
	archiveVersion = 1;
	classes = {
	};
	objectVersion = 46;
	objects = {

/* Begin PBXBuildFile section */
		B40D8BAC199D43BB00C84FB5 /* NHAExhibitsRootViewController.m in Sources */ = {isa = PBXBuildFile; fileRef = B40D8BAB199D43BB00C84FB5 /* NHAExhibitsRootViewController.m */; };
		B40D8BB1199D4B8F00C84FB5 /* doodle_bug.jpg in Resources */ = {isa = PBXBuildFile; fileRef = B40D8BAD199D4B8F00C84FB5 /* doodle_bug.jpg */; };
		B40D8BB2199D4B8F00C84FB5 /* home_built_aircraft.jpg in Resources */ = {isa = PBXBuildFile; fileRef = B40D8BAE199D4B8F00C84FB5 /* home_built_aircraft.jpg */; };
		B40D8BB3199D4B8F00C84FB5 /* terminal.jpg in Resources */ = {isa = PBXBuildFile; fileRef = B40D8BAF199D4B8F00C84FB5 /* terminal.jpg */; };
		B40D8BB4199D4B8F00C84FB5 /* voluteering.jpg in Resources */ = {isa = PBXBuildFile; fileRef = B40D8BB0199D4B8F00C84FB5 /* voluteering.jpg */; };
		B40D8BBB199E7D2500C84FB5 /* facebookicon.png in Resources */ = {isa = PBXBuildFile; fileRef = B40D8BB5199E7D2500C84FB5 /* facebookicon.png */; };
		B40D8BBC199E7D2500C84FB5 /* mailicon.png in Resources */ = {isa = PBXBuildFile; fileRef = B40D8BB6199E7D2500C84FB5 /* mailicon.png */; };
		B40D8BBD199E7D2500C84FB5 /* mapsicon.png in Resources */ = {isa = PBXBuildFile; fileRef = B40D8BB7199E7D2500C84FB5 /* mapsicon.png */; };
		B40D8BBE199E7D2500C84FB5 /* newlogo_large.png in Resources */ = {isa = PBXBuildFile; fileRef = B40D8BB8199E7D2500C84FB5 /* newlogo_large.png */; };
		B40D8BBF199E7D2500C84FB5 /* phoneicon.png in Resources */ = {isa = PBXBuildFile; fileRef = B40D8BB9199E7D2500C84FB5 /* phoneicon.png */; };
		B40D8BC0199E7D2500C84FB5 /* youtubeicon.png in Resources */ = {isa = PBXBuildFile; fileRef = B40D8BBA199E7D2500C84FB5 /* youtubeicon.png */; };
		B4793ACA199243D0004C1584 /* Foundation.framework in Frameworks */ = {isa = PBXBuildFile; fileRef = B4793AC9199243D0004C1584 /* Foundation.framework */; };
		B4793ACC199243D0004C1584 /* CoreGraphics.framework in Frameworks */ = {isa = PBXBuildFile; fileRef = B4793ACB199243D0004C1584 /* CoreGraphics.framework */; };
		B4793ACE199243D0004C1584 /* UIKit.framework in Frameworks */ = {isa = PBXBuildFile; fileRef = B4793ACD199243D0004C1584 /* UIKit.framework */; };
		B4793AD4199243D0004C1584 /* InfoPlist.strings in Resources */ = {isa = PBXBuildFile; fileRef = B4793AD2199243D0004C1584 /* InfoPlist.strings */; };
		B4793AD6199243D0004C1584 /* main.m in Sources */ = {isa = PBXBuildFile; fileRef = B4793AD5199243D0004C1584 /* main.m */; };
		B4793ADA199243D0004C1584 /* NHAAppDelegate.m in Sources */ = {isa = PBXBuildFile; fileRef = B4793AD9199243D0004C1584 /* NHAAppDelegate.m */; };
		B4793ADD199243D0004C1584 /* Main.storyboard in Resources */ = {isa = PBXBuildFile; fileRef = B4793ADB199243D0004C1584 /* Main.storyboard */; };
		B4793AE2199243D0004C1584 /* Images.xcassets in Resources */ = {isa = PBXBuildFile; fileRef = B4793AE1199243D0004C1584 /* Images.xcassets */; };
		B4793AE9199243D0004C1584 /* XCTest.framework in Frameworks */ = {isa = PBXBuildFile; fileRef = B4793AE8199243D0004C1584 /* XCTest.framework */; };
		B4793AEA199243D0004C1584 /* Foundation.framework in Frameworks */ = {isa = PBXBuildFile; fileRef = B4793AC9199243D0004C1584 /* Foundation.framework */; };
		B4793AEB199243D0004C1584 /* UIKit.framework in Frameworks */ = {isa = PBXBuildFile; fileRef = B4793ACD199243D0004C1584 /* UIKit.framework */; };
		B4793AF3199243D0004C1584 /* InfoPlist.strings in Resources */ = {isa = PBXBuildFile; fileRef = B4793AF1199243D0004C1584 /* InfoPlist.strings */; };
		B4793AF5199243D0004C1584 /* AviationTests.m in Sources */ = {isa = PBXBuildFile; fileRef = B4793AF4199243D0004C1584 /* AviationTests.m */; };
		B4793B0019924667004C1584 /* NHAHomePageViewController.m in Sources */ = {isa = PBXBuildFile; fileRef = B4793AFF19924667004C1584 /* NHAHomePageViewController.m */; };
		B48D2DF919995F2A0008EFE1 /* NHAHoursAndRatesViewController.m in Sources */ = {isa = PBXBuildFile; fileRef = B48D2DF819995F2A0008EFE1 /* NHAHoursAndRatesViewController.m */; };
		B48D2DFC19995F410008EFE1 /* NHAMembershipViewController.m in Sources */ = {isa = PBXBuildFile; fileRef = B48D2DFB19995F410008EFE1 /* NHAMembershipViewController.m */; };
		B48D2DFF19995F4D0008EFE1 /* NHAAboutUsViewController.m in Sources */ = {isa = PBXBuildFile; fileRef = B48D2DFE19995F4D0008EFE1 /* NHAAboutUsViewController.m */; };
		B48D2E0219995F690008EFE1 /* NHAExhibitsViewController.m in Sources */ = {isa = PBXBuildFile; fileRef = B48D2E0119995F690008EFE1 /* NHAExhibitsViewController.m */; };
		B49B9425199D2D5C00382ECC /* NHAExhibitsPageViewController.m in Sources */ = {isa = PBXBuildFile; fileRef = B49B9424199D2D5C00382ECC /* NHAExhibitsPageViewController.m */; };
		B4C36176199BF99000F0A183 /* NHAUIGenerator.m in Sources */ = {isa = PBXBuildFile; fileRef = B4C36175199BF99000F0A183 /* NHAUIGenerator.m */; };
/* End PBXBuildFile section */

/* Begin PBXContainerItemProxy section */
		B4793AEC199243D0004C1584 /* PBXContainerItemProxy */ = {
			isa = PBXContainerItemProxy;
			containerPortal = B4793ABE199243D0004C1584 /* Project object */;
			proxyType = 1;
			remoteGlobalIDString = B4793AC5199243D0004C1584;
			remoteInfo = Aviation;
		};
/* End PBXContainerItemProxy section */

/* Begin PBXFileReference section */
		B40D8BAA199D43BB00C84FB5 /* NHAExhibitsRootViewController.h */ = {isa = PBXFileReference; fileEncoding = 4; lastKnownFileType = sourcecode.c.h; path = NHAExhibitsRootViewController.h; sourceTree = "<group>"; };
		B40D8BAB199D43BB00C84FB5 /* NHAExhibitsRootViewController.m */ = {isa = PBXFileReference; fileEncoding = 4; lastKnownFileType = sourcecode.c.objc; path = NHAExhibitsRootViewController.m; sourceTree = "<group>"; };
		B40D8BAD199D4B8F00C84FB5 /* doodle_bug.jpg */ = {isa = PBXFileReference; lastKnownFileType = image.jpeg; path = doodle_bug.jpg; sourceTree = "<group>"; };
		B40D8BAE199D4B8F00C84FB5 /* home_built_aircraft.jpg */ = {isa = PBXFileReference; lastKnownFileType = image.jpeg; path = home_built_aircraft.jpg; sourceTree = "<group>"; };
		B40D8BAF199D4B8F00C84FB5 /* terminal.jpg */ = {isa = PBXFileReference; lastKnownFileType = image.jpeg; path = terminal.jpg; sourceTree = "<group>"; };
		B40D8BB0199D4B8F00C84FB5 /* voluteering.jpg */ = {isa = PBXFileReference; lastKnownFileType = image.jpeg; path = voluteering.jpg; sourceTree = "<group>"; };
		B40D8BB5199E7D2500C84FB5 /* facebookicon.png */ = {isa = PBXFileReference; lastKnownFileType = image.png; path = facebookicon.png; sourceTree = "<group>"; };
		B40D8BB6199E7D2500C84FB5 /* mailicon.png */ = {isa = PBXFileReference; lastKnownFileType = image.png; path = mailicon.png; sourceTree = "<group>"; };
		B40D8BB7199E7D2500C84FB5 /* mapsicon.png */ = {isa = PBXFileReference; lastKnownFileType = image.png; path = mapsicon.png; sourceTree = "<group>"; };
		B40D8BB8199E7D2500C84FB5 /* newlogo_large.png */ = {isa = PBXFileReference; lastKnownFileType = image.png; path = newlogo_large.png; sourceTree = "<group>"; };
		B40D8BB9199E7D2500C84FB5 /* phoneicon.png */ = {isa = PBXFileReference; lastKnownFileType = image.png; path = phoneicon.png; sourceTree = "<group>"; };
		B40D8BBA199E7D2500C84FB5 /* youtubeicon.png */ = {isa = PBXFileReference; lastKnownFileType = image.png; path = youtubeicon.png; sourceTree = "<group>"; };
		B4793AC6199243D0004C1584 /* Aviation.app */ = {isa = PBXFileReference; explicitFileType = wrapper.application; includeInIndex = 0; path = Aviation.app; sourceTree = BUILT_PRODUCTS_DIR; };
		B4793AC9199243D0004C1584 /* Foundation.framework */ = {isa = PBXFileReference; lastKnownFileType = wrapper.framework; name = Foundation.framework; path = System/Library/Frameworks/Foundation.framework; sourceTree = SDKROOT; };
		B4793ACB199243D0004C1584 /* CoreGraphics.framework */ = {isa = PBXFileReference; lastKnownFileType = wrapper.framework; name = CoreGraphics.framework; path = System/Library/Frameworks/CoreGraphics.framework; sourceTree = SDKROOT; };
		B4793ACD199243D0004C1584 /* UIKit.framework */ = {isa = PBXFileReference; lastKnownFileType = wrapper.framework; name = UIKit.framework; path = System/Library/Frameworks/UIKit.framework; sourceTree = SDKROOT; };
		B4793AD1199243D0004C1584 /* Aviation-Info.plist */ = {isa = PBXFileReference; lastKnownFileType = text.plist.xml; path = "Aviation-Info.plist"; sourceTree = "<group>"; };
		B4793AD3199243D0004C1584 /* en */ = {isa = PBXFileReference; lastKnownFileType = text.plist.strings; name = en; path = en.lproj/InfoPlist.strings; sourceTree = "<group>"; };
		B4793AD5199243D0004C1584 /* main.m */ = {isa = PBXFileReference; lastKnownFileType = sourcecode.c.objc; path = main.m; sourceTree = "<group>"; };
		B4793AD7199243D0004C1584 /* Aviation-Prefix.pch */ = {isa = PBXFileReference; lastKnownFileType = sourcecode.c.h; path = "Aviation-Prefix.pch"; sourceTree = "<group>"; };
		B4793AD8199243D0004C1584 /* NHAAppDelegate.h */ = {isa = PBXFileReference; lastKnownFileType = sourcecode.c.h; path = NHAAppDelegate.h; sourceTree = "<group>"; };
		B4793AD9199243D0004C1584 /* NHAAppDelegate.m */ = {isa = PBXFileReference; lastKnownFileType = sourcecode.c.objc; path = NHAAppDelegate.m; sourceTree = "<group>"; };
		B4793ADC199243D0004C1584 /* Base */ = {isa = PBXFileReference; lastKnownFileType = file.storyboard; name = Base; path = Base.lproj/Main.storyboard; sourceTree = "<group>"; };
		B4793AE1199243D0004C1584 /* Images.xcassets */ = {isa = PBXFileReference; lastKnownFileType = folder.assetcatalog; path = Images.xcassets; sourceTree = "<group>"; };
		B4793AE7199243D0004C1584 /* AviationTests.xctest */ = {isa = PBXFileReference; explicitFileType = wrapper.cfbundle; includeInIndex = 0; path = AviationTests.xctest; sourceTree = BUILT_PRODUCTS_DIR; };
		B4793AE8199243D0004C1584 /* XCTest.framework */ = {isa = PBXFileReference; lastKnownFileType = wrapper.framework; name = XCTest.framework; path = Library/Frameworks/XCTest.framework; sourceTree = DEVELOPER_DIR; };
		B4793AF0199243D0004C1584 /* AviationTests-Info.plist */ = {isa = PBXFileReference; lastKnownFileType = text.plist.xml; path = "AviationTests-Info.plist"; sourceTree = "<group>"; };
		B4793AF2199243D0004C1584 /* en */ = {isa = PBXFileReference; lastKnownFileType = text.plist.strings; name = en; path = en.lproj/InfoPlist.strings; sourceTree = "<group>"; };
		B4793AF4199243D0004C1584 /* AviationTests.m */ = {isa = PBXFileReference; lastKnownFileType = sourcecode.c.objc; path = AviationTests.m; sourceTree = "<group>"; };
		B4793AFE19924667004C1584 /* NHAHomePageViewController.h */ = {isa = PBXFileReference; fileEncoding = 4; lastKnownFileType = sourcecode.c.h; path = NHAHomePageViewController.h; sourceTree = "<group>"; };
		B4793AFF19924667004C1584 /* NHAHomePageViewController.m */ = {isa = PBXFileReference; fileEncoding = 4; lastKnownFileType = sourcecode.c.objc; path = NHAHomePageViewController.m; sourceTree = "<group>"; };
		B48D2DF719995F2A0008EFE1 /* NHAHoursAndRatesViewController.h */ = {isa = PBXFileReference; fileEncoding = 4; lastKnownFileType = sourcecode.c.h; path = NHAHoursAndRatesViewController.h; sourceTree = "<group>"; };
		B48D2DF819995F2A0008EFE1 /* NHAHoursAndRatesViewController.m */ = {isa = PBXFileReference; fileEncoding = 4; lastKnownFileType = sourcecode.c.objc; path = NHAHoursAndRatesViewController.m; sourceTree = "<group>"; };
		B48D2DFA19995F410008EFE1 /* NHAMembershipViewController.h */ = {isa = PBXFileReference; fileEncoding = 4; lastKnownFileType = sourcecode.c.h; path = NHAMembershipViewController.h; sourceTree = "<group>"; };
		B48D2DFB19995F410008EFE1 /* NHAMembershipViewController.m */ = {isa = PBXFileReference; fileEncoding = 4; lastKnownFileType = sourcecode.c.objc; path = NHAMembershipViewController.m; sourceTree = "<group>"; };
		B48D2DFD19995F4D0008EFE1 /* NHAAboutUsViewController.h */ = {isa = PBXFileReference; fileEncoding = 4; lastKnownFileType = sourcecode.c.h; path = NHAAboutUsViewController.h; sourceTree = "<group>"; };
		B48D2DFE19995F4D0008EFE1 /* NHAAboutUsViewController.m */ = {isa = PBXFileReference; fileEncoding = 4; lastKnownFileType = sourcecode.c.objc; path = NHAAboutUsViewController.m; sourceTree = "<group>"; };
		B48D2E0019995F690008EFE1 /* NHAExhibitsViewController.h */ = {isa = PBXFileReference; fileEncoding = 4; lastKnownFileType = sourcecode.c.h; path = NHAExhibitsViewController.h; sourceTree = "<group>"; };
		B48D2E0119995F690008EFE1 /* NHAExhibitsViewController.m */ = {isa = PBXFileReference; fileEncoding = 4; lastKnownFileType = sourcecode.c.objc; path = NHAExhibitsViewController.m; sourceTree = "<group>"; };
		B49B9423199D2D5C00382ECC /* NHAExhibitsPageViewController.h */ = {isa = PBXFileReference; fileEncoding = 4; lastKnownFileType = sourcecode.c.h; path = NHAExhibitsPageViewController.h; sourceTree = "<group>"; };
		B49B9424199D2D5C00382ECC /* NHAExhibitsPageViewController.m */ = {isa = PBXFileReference; fileEncoding = 4; lastKnownFileType = sourcecode.c.objc; path = NHAExhibitsPageViewController.m; sourceTree = "<group>"; };
		B4C36174199BF99000F0A183 /* NHAUIGenerator.h */ = {isa = PBXFileReference; fileEncoding = 4; lastKnownFileType = sourcecode.c.h; path = NHAUIGenerator.h; sourceTree = "<group>"; };
		B4C36175199BF99000F0A183 /* NHAUIGenerator.m */ = {isa = PBXFileReference; fileEncoding = 4; lastKnownFileType = sourcecode.c.objc; path = NHAUIGenerator.m; sourceTree = "<group>"; };
/* End PBXFileReference section */

/* Begin PBXFrameworksBuildPhase section */
		B4793AC3199243D0004C1584 /* Frameworks */ = {
			isa = PBXFrameworksBuildPhase;
			buildActionMask = 2147483647;
			files = (
				B4793ACC199243D0004C1584 /* CoreGraphics.framework in Frameworks */,
				B4793ACE199243D0004C1584 /* UIKit.framework in Frameworks */,
				B4793ACA199243D0004C1584 /* Foundation.framework in Frameworks */,
			);
			runOnlyForDeploymentPostprocessing = 0;
		};
		B4793AE4199243D0004C1584 /* Frameworks */ = {
			isa = PBXFrameworksBuildPhase;
			buildActionMask = 2147483647;
			files = (
				B4793AE9199243D0004C1584 /* XCTest.framework in Frameworks */,
				B4793AEB199243D0004C1584 /* UIKit.framework in Frameworks */,
				B4793AEA199243D0004C1584 /* Foundation.framework in Frameworks */,
			);
			runOnlyForDeploymentPostprocessing = 0;
		};
/* End PBXFrameworksBuildPhase section */

/* Begin PBXGroup section */
		B4793ABD199243D0004C1584 = {
			isa = PBXGroup;
			children = (
				B4793B011992480F004C1584 /* Resources */,
				B4793ACF199243D0004C1584 /* Aviation */,
				B4793AEE199243D0004C1584 /* AviationTests */,
				B4793AC8199243D0004C1584 /* Frameworks */,
				B4793AC7199243D0004C1584 /* Products */,
			);
			sourceTree = "<group>";
		};
		B4793AC7199243D0004C1584 /* Products */ = {
			isa = PBXGroup;
			children = (
				B4793AC6199243D0004C1584 /* Aviation.app */,
				B4793AE7199243D0004C1584 /* AviationTests.xctest */,
			);
			name = Products;
			sourceTree = "<group>";
		};
		B4793AC8199243D0004C1584 /* Frameworks */ = {
			isa = PBXGroup;
			children = (
				B4793AC9199243D0004C1584 /* Foundation.framework */,
				B4793ACB199243D0004C1584 /* CoreGraphics.framework */,
				B4793ACD199243D0004C1584 /* UIKit.framework */,
				B4793AE8199243D0004C1584 /* XCTest.framework */,
			);
			name = Frameworks;
			sourceTree = "<group>";
		};
		B4793ACF199243D0004C1584 /* Aviation */ = {
			isa = PBXGroup;
			children = (
				B49B9427199D2DA000382ECC /* AboutUs */,
				B49B9426199D2D7900382ECC /* Exhibits */,
				B49B9428199D2DB700382ECC /* HoursAndRates */,
				B49B942A199D2DC800382ECC /* Membership */,
				B49B942B199D2DCD00382ECC /* UI */,
				B4793AD8199243D0004C1584 /* NHAAppDelegate.h */,
				B4793AD9199243D0004C1584 /* NHAAppDelegate.m */,
				B4793ADB199243D0004C1584 /* Main.storyboard */,
				B4793AE1199243D0004C1584 /* Images.xcassets */,
				B4793AD0199243D0004C1584 /* Supporting Files */,
				B4793AFE19924667004C1584 /* NHAHomePageViewController.h */,
				B4793AFF19924667004C1584 /* NHAHomePageViewController.m */,
			);
			path = Aviation;
			sourceTree = "<group>";
		};
		B4793AD0199243D0004C1584 /* Supporting Files */ = {
			isa = PBXGroup;
			children = (
				B4793AD1199243D0004C1584 /* Aviation-Info.plist */,
				B4793AD2199243D0004C1584 /* InfoPlist.strings */,
				B4793AD5199243D0004C1584 /* main.m */,
				B4793AD7199243D0004C1584 /* Aviation-Prefix.pch */,
			);
			name = "Supporting Files";
			sourceTree = "<group>";
		};
		B4793AEE199243D0004C1584 /* AviationTests */ = {
			isa = PBXGroup;
			children = (
				B4793AF4199243D0004C1584 /* AviationTests.m */,
				B4793AEF199243D0004C1584 /* Supporting Files */,
			);
			path = AviationTests;
			sourceTree = "<group>";
		};
		B4793AEF199243D0004C1584 /* Supporting Files */ = {
			isa = PBXGroup;
			children = (
				B4793AF0199243D0004C1584 /* AviationTests-Info.plist */,
				B4793AF1199243D0004C1584 /* InfoPlist.strings */,
			);
			name = "Supporting Files";
			sourceTree = "<group>";
		};
		B4793B011992480F004C1584 /* Resources */ = {
			isa = PBXGroup;
			children = (
				B4793B021992481D004C1584 /* img */,
			);
			name = Resources;
			sourceTree = "<group>";
		};
		B4793B021992481D004C1584 /* img */ = {
			isa = PBXGroup;
			children = (
				B40D8BB5199E7D2500C84FB5 /* facebookicon.png */,
				B40D8BB6199E7D2500C84FB5 /* mailicon.png */,
				B40D8BB7199E7D2500C84FB5 /* mapsicon.png */,
				B40D8BB8199E7D2500C84FB5 /* newlogo_large.png */,
				B40D8BB9199E7D2500C84FB5 /* phoneicon.png */,
				B40D8BBA199E7D2500C84FB5 /* youtubeicon.png */,
				B40D8BAD199D4B8F00C84FB5 /* doodle_bug.jpg */,
				B40D8BAE199D4B8F00C84FB5 /* home_built_aircraft.jpg */,
				B40D8BAF199D4B8F00C84FB5 /* terminal.jpg */,
				B40D8BB0199D4B8F00C84FB5 /* voluteering.jpg */,
			);
			name = img;
			sourceTree = "<group>";
		};
		B49B9426199D2D7900382ECC /* Exhibits */ = {
			isa = PBXGroup;
			children = (
				B48D2E0019995F690008EFE1 /* NHAExhibitsViewController.h */,
				B48D2E0119995F690008EFE1 /* NHAExhibitsViewController.m */,
				B49B9423199D2D5C00382ECC /* NHAExhibitsPageViewController.h */,
				B49B9424199D2D5C00382ECC /* NHAExhibitsPageViewController.m */,
				B40D8BAA199D43BB00C84FB5 /* NHAExhibitsRootViewController.h */,
				B40D8BAB199D43BB00C84FB5 /* NHAExhibitsRootViewController.m */,
			);
			name = Exhibits;
			sourceTree = "<group>";
		};
		B49B9427199D2DA000382ECC /* AboutUs */ = {
			isa = PBXGroup;
			children = (
				B48D2DFD19995F4D0008EFE1 /* NHAAboutUsViewController.h */,
				B48D2DFE19995F4D0008EFE1 /* NHAAboutUsViewController.m */,
			);
			name = AboutUs;
			sourceTree = "<group>";
		};
		B49B9428199D2DB700382ECC /* HoursAndRates */ = {
			isa = PBXGroup;
			children = (
				B48D2DF719995F2A0008EFE1 /* NHAHoursAndRatesViewController.h */,
				B48D2DF819995F2A0008EFE1 /* NHAHoursAndRatesViewController.m */,
			);
			name = HoursAndRates;
			sourceTree = "<group>";
		};
		B49B942A199D2DC800382ECC /* Membership */ = {
			isa = PBXGroup;
			children = (
				B48D2DFA19995F410008EFE1 /* NHAMembershipViewController.h */,
				B48D2DFB19995F410008EFE1 /* NHAMembershipViewController.m */,
			);
			name = Membership;
			sourceTree = "<group>";
		};
		B49B942B199D2DCD00382ECC /* UI */ = {
			isa = PBXGroup;
			children = (
				B4C36174199BF99000F0A183 /* NHAUIGenerator.h */,
				B4C36175199BF99000F0A183 /* NHAUIGenerator.m */,
			);
			name = UI;
			sourceTree = "<group>";
		};
/* End PBXGroup section */

/* Begin PBXNativeTarget section */
		B4793AC5199243D0004C1584 /* Aviation */ = {
			isa = PBXNativeTarget;
			buildConfigurationList = B4793AF8199243D0004C1584 /* Build configuration list for PBXNativeTarget "Aviation" */;
			buildPhases = (
				B4793AC2199243D0004C1584 /* Sources */,
				B4793AC3199243D0004C1584 /* Frameworks */,
				B4793AC4199243D0004C1584 /* Resources */,
			);
			buildRules = (
			);
			dependencies = (
			);
			name = Aviation;
			productName = Aviation;
			productReference = B4793AC6199243D0004C1584 /* Aviation.app */;
			productType = "com.apple.product-type.application";
		};
		B4793AE6199243D0004C1584 /* AviationTests */ = {
			isa = PBXNativeTarget;
			buildConfigurationList = B4793AFB199243D0004C1584 /* Build configuration list for PBXNativeTarget "AviationTests" */;
			buildPhases = (
				B4793AE3199243D0004C1584 /* Sources */,
				B4793AE4199243D0004C1584 /* Frameworks */,
				B4793AE5199243D0004C1584 /* Resources */,
			);
			buildRules = (
			);
			dependencies = (
				B4793AED199243D0004C1584 /* PBXTargetDependency */,
			);
			name = AviationTests;
			productName = AviationTests;
			productReference = B4793AE7199243D0004C1584 /* AviationTests.xctest */;
			productType = "com.apple.product-type.bundle.unit-test";
		};
/* End PBXNativeTarget section */

/* Begin PBXProject section */
		B4793ABE199243D0004C1584 /* Project object */ = {
			isa = PBXProject;
			attributes = {
				CLASSPREFIX = NHA;
				LastUpgradeCheck = 0510;
				ORGANIZATIONNAME = "New Hampshire Aviation";
				TargetAttributes = {
					B4793AE6199243D0004C1584 = {
						TestTargetID = B4793AC5199243D0004C1584;
					};
				};
			};
			buildConfigurationList = B4793AC1199243D0004C1584 /* Build configuration list for PBXProject "Aviation" */;
			compatibilityVersion = "Xcode 3.2";
			developmentRegion = English;
			hasScannedForEncodings = 0;
			knownRegions = (
				en,
				Base,
			);
			mainGroup = B4793ABD199243D0004C1584;
			productRefGroup = B4793AC7199243D0004C1584 /* Products */;
			projectDirPath = "";
			projectRoot = "";
			targets = (
				B4793AC5199243D0004C1584 /* Aviation */,
				B4793AE6199243D0004C1584 /* AviationTests */,
			);
		};
/* End PBXProject section */

/* Begin PBXResourcesBuildPhase section */
		B4793AC4199243D0004C1584 /* Resources */ = {
			isa = PBXResourcesBuildPhase;
			buildActionMask = 2147483647;
			files = (
				B4793AE2199243D0004C1584 /* Images.xcassets in Resources */,
				B4793AD4199243D0004C1584 /* InfoPlist.strings in Resources */,
				B40D8BBD199E7D2500C84FB5 /* mapsicon.png in Resources */,
				B40D8BBE199E7D2500C84FB5 /* newlogo_large.png in Resources */,
				B40D8BBB199E7D2500C84FB5 /* facebookicon.png in Resources */,
				B40D8BB2199D4B8F00C84FB5 /* home_built_aircraft.jpg in Resources */,
				B4793ADD199243D0004C1584 /* Main.storyboard in Resources */,
				B40D8BB1199D4B8F00C84FB5 /* doodle_bug.jpg in Resources */,
				B40D8BBC199E7D2500C84FB5 /* mailicon.png in Resources */,
				B40D8BC0199E7D2500C84FB5 /* youtubeicon.png in Resources */,
				B40D8BB4199D4B8F00C84FB5 /* voluteering.jpg in Resources */,
				B40D8BBF199E7D2500C84FB5 /* phoneicon.png in Resources */,
				B40D8BB3199D4B8F00C84FB5 /* terminal.jpg in Resources */,
			);
			runOnlyForDeploymentPostprocessing = 0;
		};
		B4793AE5199243D0004C1584 /* Resources */ = {
			isa = PBXResourcesBuildPhase;
			buildActionMask = 2147483647;
			files = (
				B4793AF3199243D0004C1584 /* InfoPlist.strings in Resources */,
			);
			runOnlyForDeploymentPostprocessing = 0;
		};
/* End PBXResourcesBuildPhase section */

/* Begin PBXSourcesBuildPhase section */
		B4793AC2199243D0004C1584 /* Sources */ = {
			isa = PBXSourcesBuildPhase;
			buildActionMask = 2147483647;
			files = (
				B49B9425199D2D5C00382ECC /* NHAExhibitsPageViewController.m in Sources */,
				B4793ADA199243D0004C1584 /* NHAAppDelegate.m in Sources */,
				B48D2DFF19995F4D0008EFE1 /* NHAAboutUsViewController.m in Sources */,
				B48D2DFC19995F410008EFE1 /* NHAMembershipViewController.m in Sources */,
				B40D8BAC199D43BB00C84FB5 /* NHAExhibitsRootViewController.m in Sources */,
				B48D2E0219995F690008EFE1 /* NHAExhibitsViewController.m in Sources */,
				B4C36176199BF99000F0A183 /* NHAUIGenerator.m in Sources */,
				B48D2DF919995F2A0008EFE1 /* NHAHoursAndRatesViewController.m in Sources */,
				B4793B0019924667004C1584 /* NHAHomePageViewController.m in Sources */,
				B4793AD6199243D0004C1584 /* main.m in Sources */,
			);
			runOnlyForDeploymentPostprocessing = 0;
		};
		B4793AE3199243D0004C1584 /* Sources */ = {
			isa = PBXSourcesBuildPhase;
			buildActionMask = 2147483647;
			files = (
				B4793AF5199243D0004C1584 /* AviationTests.m in Sources */,
			);
			runOnlyForDeploymentPostprocessing = 0;
		};
/* End PBXSourcesBuildPhase section */

/* Begin PBXTargetDependency section */
		B4793AED199243D0004C1584 /* PBXTargetDependency */ = {
			isa = PBXTargetDependency;
			target = B4793AC5199243D0004C1584 /* Aviation */;
			targetProxy = B4793AEC199243D0004C1584 /* PBXContainerItemProxy */;
		};
/* End PBXTargetDependency section */

/* Begin PBXVariantGroup section */
		B4793AD2199243D0004C1584 /* InfoPlist.strings */ = {
			isa = PBXVariantGroup;
			children = (
				B4793AD3199243D0004C1584 /* en */,
			);
			name = InfoPlist.strings;
			sourceTree = "<group>";
		};
		B4793ADB199243D0004C1584 /* Main.storyboard */ = {
			isa = PBXVariantGroup;
			children = (
				B4793ADC199243D0004C1584 /* Base */,
			);
			name = Main.storyboard;
			sourceTree = "<group>";
		};
		B4793AF1199243D0004C1584 /* InfoPlist.strings */ = {
			isa = PBXVariantGroup;
			children = (
				B4793AF2199243D0004C1584 /* en */,
			);
			name = InfoPlist.strings;
			sourceTree = "<group>";
		};
/* End PBXVariantGroup section */

/* Begin XCBuildConfiguration section */
		B4793AF6199243D0004C1584 /* Debug */ = {
			isa = XCBuildConfiguration;
			buildSettings = {
				ALWAYS_SEARCH_USER_PATHS = NO;
				CLANG_CXX_LANGUAGE_STANDARD = "gnu++0x";
				CLANG_CXX_LIBRARY = "libc++";
				CLANG_ENABLE_MODULES = YES;
				CLANG_ENABLE_OBJC_ARC = YES;
				CLANG_WARN_BOOL_CONVERSION = YES;
				CLANG_WARN_CONSTANT_CONVERSION = YES;
				CLANG_WARN_DIRECT_OBJC_ISA_USAGE = YES_ERROR;
				CLANG_WARN_EMPTY_BODY = YES;
				CLANG_WARN_ENUM_CONVERSION = YES;
				CLANG_WARN_INT_CONVERSION = YES;
				CLANG_WARN_OBJC_ROOT_CLASS = YES_ERROR;
				CLANG_WARN__DUPLICATE_METHOD_MATCH = YES;
				"CODE_SIGN_IDENTITY[sdk=iphoneos*]" = "iPhone Developer";
				COPY_PHASE_STRIP = NO;
				GCC_C_LANGUAGE_STANDARD = gnu99;
				GCC_DYNAMIC_NO_PIC = NO;
				GCC_OPTIMIZATION_LEVEL = 0;
				GCC_PREPROCESSOR_DEFINITIONS = (
					"DEBUG=1",
					"$(inherited)",
				);
				GCC_SYMBOLS_PRIVATE_EXTERN = NO;
				GCC_WARN_64_TO_32_BIT_CONVERSION = YES;
				GCC_WARN_ABOUT_RETURN_TYPE = YES_ERROR;
				GCC_WARN_UNDECLARED_SELECTOR = YES;
				GCC_WARN_UNINITIALIZED_AUTOS = YES_AGGRESSIVE;
				GCC_WARN_UNUSED_FUNCTION = YES;
				GCC_WARN_UNUSED_VARIABLE = YES;
				IPHONEOS_DEPLOYMENT_TARGET = 7.1;
				ONLY_ACTIVE_ARCH = YES;
				SDKROOT = iphoneos;
			};
			name = Debug;
		};
		B4793AF7199243D0004C1584 /* Release */ = {
			isa = XCBuildConfiguration;
			buildSettings = {
				ALWAYS_SEARCH_USER_PATHS = NO;
				CLANG_CXX_LANGUAGE_STANDARD = "gnu++0x";
				CLANG_CXX_LIBRARY = "libc++";
				CLANG_ENABLE_MODULES = YES;
				CLANG_ENABLE_OBJC_ARC = YES;
				CLANG_WARN_BOOL_CONVERSION = YES;
				CLANG_WARN_CONSTANT_CONVERSION = YES;
				CLANG_WARN_DIRECT_OBJC_ISA_USAGE = YES_ERROR;
				CLANG_WARN_EMPTY_BODY = YES;
				CLANG_WARN_ENUM_CONVERSION = YES;
				CLANG_WARN_INT_CONVERSION = YES;
				CLANG_WARN_OBJC_ROOT_CLASS = YES_ERROR;
				CLANG_WARN__DUPLICATE_METHOD_MATCH = YES;
				"CODE_SIGN_IDENTITY[sdk=iphoneos*]" = "iPhone Developer";
				COPY_PHASE_STRIP = YES;
				ENABLE_NS_ASSERTIONS = NO;
				GCC_C_LANGUAGE_STANDARD = gnu99;
				GCC_WARN_64_TO_32_BIT_CONVERSION = YES;
				GCC_WARN_ABOUT_RETURN_TYPE = YES_ERROR;
				GCC_WARN_UNDECLARED_SELECTOR = YES;
				GCC_WARN_UNINITIALIZED_AUTOS = YES_AGGRESSIVE;
				GCC_WARN_UNUSED_FUNCTION = YES;
				GCC_WARN_UNUSED_VARIABLE = YES;
				IPHONEOS_DEPLOYMENT_TARGET = 7.1;
				SDKROOT = iphoneos;
				VALIDATE_PRODUCT = YES;
			};
			name = Release;
		};
		B4793AF9199243D0004C1584 /* Debug */ = {
			isa = XCBuildConfiguration;
			buildSettings = {
				ASSETCATALOG_COMPILER_APPICON_NAME = AppIcon;
				ASSETCATALOG_COMPILER_LAUNCHIMAGE_NAME = LaunchImage;
				GCC_PRECOMPILE_PREFIX_HEADER = YES;
				GCC_PREFIX_HEADER = "Aviation/Aviation-Prefix.pch";
				INFOPLIST_FILE = "Aviation/Aviation-Info.plist";
				IPHONEOS_DEPLOYMENT_TARGET = 7.0;
				PRODUCT_NAME = "$(TARGET_NAME)";
				TARGETED_DEVICE_FAMILY = 1;
				WRAPPER_EXTENSION = app;
			};
			name = Debug;
		};
		B4793AFA199243D0004C1584 /* Release */ = {
			isa = XCBuildConfiguration;
			buildSettings = {
				ASSETCATALOG_COMPILER_APPICON_NAME = AppIcon;
				ASSETCATALOG_COMPILER_LAUNCHIMAGE_NAME = LaunchImage;
				GCC_PRECOMPILE_PREFIX_HEADER = YES;
				GCC_PREFIX_HEADER = "Aviation/Aviation-Prefix.pch";
				INFOPLIST_FILE = "Aviation/Aviation-Info.plist";
				IPHONEOS_DEPLOYMENT_TARGET = 7.0;
				PRODUCT_NAME = "$(TARGET_NAME)";
				TARGETED_DEVICE_FAMILY = 1;
				WRAPPER_EXTENSION = app;
			};
			name = Release;
		};
		B4793AFC199243D0004C1584 /* Debug */ = {
			isa = XCBuildConfiguration;
			buildSettings = {
				BUNDLE_LOADER = "$(BUILT_PRODUCTS_DIR)/Aviation.app/Aviation";
				FRAMEWORK_SEARCH_PATHS = (
					"$(SDKROOT)/Developer/Library/Frameworks",
					"$(inherited)",
					"$(DEVELOPER_FRAMEWORKS_DIR)",
				);
				GCC_PRECOMPILE_PREFIX_HEADER = YES;
				GCC_PREFIX_HEADER = "Aviation/Aviation-Prefix.pch";
				GCC_PREPROCESSOR_DEFINITIONS = (
					"DEBUG=1",
					"$(inherited)",
				);
				INFOPLIST_FILE = "AviationTests/AviationTests-Info.plist";
				PRODUCT_NAME = "$(TARGET_NAME)";
				TEST_HOST = "$(BUNDLE_LOADER)";
				WRAPPER_EXTENSION = xctest;
			};
			name = Debug;
		};
		B4793AFD199243D0004C1584 /* Release */ = {
			isa = XCBuildConfiguration;
			buildSettings = {
				BUNDLE_LOADER = "$(BUILT_PRODUCTS_DIR)/Aviation.app/Aviation";
				FRAMEWORK_SEARCH_PATHS = (
					"$(SDKROOT)/Developer/Library/Frameworks",
					"$(inherited)",
					"$(DEVELOPER_FRAMEWORKS_DIR)",
				);
				GCC_PRECOMPILE_PREFIX_HEADER = YES;
				GCC_PREFIX_HEADER = "Aviation/Aviation-Prefix.pch";
				INFOPLIST_FILE = "AviationTests/AviationTests-Info.plist";
				PRODUCT_NAME = "$(TARGET_NAME)";
				TEST_HOST = "$(BUNDLE_LOADER)";
				WRAPPER_EXTENSION = xctest;
			};
			name = Release;
		};
/* End XCBuildConfiguration section */

/* Begin XCConfigurationList section */
		B4793AC1199243D0004C1584 /* Build configuration list for PBXProject "Aviation" */ = {
			isa = XCConfigurationList;
			buildConfigurations = (
				B4793AF6199243D0004C1584 /* Debug */,
				B4793AF7199243D0004C1584 /* Release */,
			);
			defaultConfigurationIsVisible = 0;
			defaultConfigurationName = Release;
		};
		B4793AF8199243D0004C1584 /* Build configuration list for PBXNativeTarget "Aviation" */ = {
			isa = XCConfigurationList;
			buildConfigurations = (
				B4793AF9199243D0004C1584 /* Debug */,
				B4793AFA199243D0004C1584 /* Release */,
			);
			defaultConfigurationIsVisible = 0;
			defaultConfigurationName = Release;
		};
		B4793AFB199243D0004C1584 /* Build configuration list for PBXNativeTarget "AviationTests" */ = {
			isa = XCConfigurationList;
			buildConfigurations = (
				B4793AFC199243D0004C1584 /* Debug */,
				B4793AFD199243D0004C1584 /* Release */,
			);
			defaultConfigurationIsVisible = 0;
			defaultConfigurationName = Release;
		};
/* End XCConfigurationList section */
	};
	rootObject = B4793ABE199243D0004C1584 /* Project object */;
}
